
Microsoft Visual Studio Solution File, Format Version 12.00
# Visual Studio 2013
VisualStudioVersion = 12.0.31101.0
MinimumVisualStudioVersion = 10.0.40219.1
Project("{FAE04EC0-301F-11D3-BF4B-00C04F79EFBC}") = "01 Fill the matrix", "01 Fill the matrix\01 Fill the matrix.csproj", "{882E6721-B0F3-41FD-86D5-C178470DE9B5}"
EndProject
Project("{FAE04EC0-301F-11D3-BF4B-00C04F79EFBC}") = "02 Maximal sum", "02 Maximal sum\02 Maximal sum.csproj", "{BCA1847E-4B38-40DD-9D02-8CF03A8DA931}"
EndProject
Project("{FAE04EC0-301F-11D3-BF4B-00C04F79EFBC}") = "03 Sequence n matrix", "03 Sequence n matrix\03 Sequence n matrix.csproj", "{17251292-9A2D-45E7-9F3D-6B2C44BE8B58}"
EndProject
Project("{FAE04EC0-301F-11D3-BF4B-00C04F79EFBC}") = "04 Binary search", "04 Binary search\04 Binary search.csproj", "{B0A0E480-BA9C-45AC-AEC8-915B95D20810}"
EndProject
Project("{FAE04EC0-301F-11D3-BF4B-00C04F79EFBC}") = "05 Sort by string length", "05 Sort by string length\05 Sort by string length.csproj", "{C04F42B4-4DEE-41F9-B30E-3EB9EC09FCBD}"
EndProject
Global
	GlobalSection(SolutionConfigurationPlatforms) = preSolution
		Debug|Any CPU = Debug|Any CPU
		Release|Any CPU = Release|Any CPU
	EndGlobalSection
	GlobalSection(ProjectConfigurationPlatforms) = postSolution
		{882E6721-B0F3-41FD-86D5-C178470DE9B5}.Debug|Any CPU.ActiveCfg = Debug|Any CPU
		{882E6721-B0F3-41FD-86D5-C178470DE9B5}.Debug|Any CPU.Build.0 = Debug|Any CPU
		{882E6721-B0F3-41FD-86D5-C178470DE9B5}.Release|Any CPU.ActiveCfg = Release|Any CPU
		{882E6721-B0F3-41FD-86D5-C178470DE9B5}.Release|Any CPU.Build.0 = Release|Any CPU
		{BCA1847E-4B38-40DD-9D02-8CF03A8DA931}.Debug|Any CPU.ActiveCfg = Debug|Any CPU
		{BCA1847E-4B38-40DD-9D02-8CF03A8DA931}.Debug|Any CPU.Build.0 = Debug|Any CPU
		{BCA1847E-4B38-40DD-9D02-8CF03A8DA931}.Release|Any CPU.ActiveCfg = Release|Any CPU
		{BCA1847E-4B38-40DD-9D02-8CF03A8DA931}.Release|Any CPU.Build.0 = Release|Any CPU
		{17251292-9A2D-45E7-9F3D-6B2C44BE8B58}.Debug|Any CPU.ActiveCfg = Debug|Any CPU
		{17251292-9A2D-45E7-9F3D-6B2C44BE8B58}.Debug|Any CPU.Build.0 = Debug|Any CPU
		{17251292-9A2D-45E7-9F3D-6B2C44BE8B58}.Release|Any CPU.ActiveCfg = Release|Any CPU
		{17251292-9A2D-45E7-9F3D-6B2C44BE8B58}.Release|Any CPU.Build.0 = Release|Any CPU
		{B0A0E480-BA9C-45AC-AEC8-915B95D20810}.Debug|Any CPU.ActiveCfg = Debug|Any CPU
		{B0A0E480-BA9C-45AC-AEC8-915B95D20810}.Debug|Any CPU.Build.0 = Debug|Any CPU
		{B0A0E480-BA9C-45AC-AEC8-915B95D20810}.Release|Any CPU.ActiveCfg = Release|Any CPU
		{B0A0E480-BA9C-45AC-AEC8-915B95D20810}.Release|Any CPU.Build.0 = Release|Any CPU
		{C04F42B4-4DEE-41F9-B30E-3EB9EC09FCBD}.Debug|Any CPU.ActiveCfg = Debug|Any CPU
		{C04F42B4-4DEE-41F9-B30E-3EB9EC09FCBD}.Debug|Any CPU.Build.0 = Debug|Any CPU
		{C04F42B4-4DEE-41F9-B30E-3EB9EC09FCBD}.Release|Any CPU.ActiveCfg = Release|Any CPU
		{C04F42B4-4DEE-41F9-B30E-3EB9EC09FCBD}.Release|Any CPU.Build.0 = Release|Any CPU
	EndGlobalSection
	GlobalSection(SolutionProperties) = preSolution
		HideSolutionNode = FALSE
	EndGlobalSection
EndGlobal
