
Microsoft Visual Studio Solution File, Format Version 12.00
# Visual Studio 14
VisualStudioVersion = 14.0.24720.0
MinimumVisualStudioVersion = 10.0.40219.1
Project("{FAE04EC0-301F-11D3-BF4B-00C04F79EFBC}") = "OfficeSpace", "OfficeSpace\OfficeSpace.csproj", "{6B1D5316-8D0E-4C2B-AC9C-3545E2FA9185}"
EndProject
Project("{FAE04EC0-301F-11D3-BF4B-00C04F79EFBC}") = "UnitsOfWork", "UnitsOfWork\UnitsOfWork.csproj", "{938388FD-E2D8-4D39-8909-D53E79D5E81F}"
EndProject
Project("{FAE04EC0-301F-11D3-BF4B-00C04F79EFBC}") = "Words", "Words\Words.csproj", "{CCF8AD97-48DB-4746-840C-30F04D191EEA}"
EndProject
Project("{FAE04EC0-301F-11D3-BF4B-00C04F79EFBC}") = "ABoxFullOffBalls", "ABoxFullOffBalls\ABoxFullOffBalls.csproj", "{B6C774AC-E104-4821-B80E-98A1FBE528B8}"
EndProject
Project("{FAE04EC0-301F-11D3-BF4B-00C04F79EFBC}") = "OfficeSpace2.0", "OfficeSpace2.0\OfficeSpace2.0.csproj", "{ED07F529-791B-426C-B8A5-39CF3D2C78EC}"
EndProject
Global
	GlobalSection(SolutionConfigurationPlatforms) = preSolution
		Debug|Any CPU = Debug|Any CPU
		Release|Any CPU = Release|Any CPU
	EndGlobalSection
	GlobalSection(ProjectConfigurationPlatforms) = postSolution
		{6B1D5316-8D0E-4C2B-AC9C-3545E2FA9185}.Debug|Any CPU.ActiveCfg = Debug|Any CPU
		{6B1D5316-8D0E-4C2B-AC9C-3545E2FA9185}.Debug|Any CPU.Build.0 = Debug|Any CPU
		{6B1D5316-8D0E-4C2B-AC9C-3545E2FA9185}.Release|Any CPU.ActiveCfg = Release|Any CPU
		{6B1D5316-8D0E-4C2B-AC9C-3545E2FA9185}.Release|Any CPU.Build.0 = Release|Any CPU
		{938388FD-E2D8-4D39-8909-D53E79D5E81F}.Debug|Any CPU.ActiveCfg = Debug|Any CPU
		{938388FD-E2D8-4D39-8909-D53E79D5E81F}.Debug|Any CPU.Build.0 = Debug|Any CPU
		{938388FD-E2D8-4D39-8909-D53E79D5E81F}.Release|Any CPU.ActiveCfg = Release|Any CPU
		{938388FD-E2D8-4D39-8909-D53E79D5E81F}.Release|Any CPU.Build.0 = Release|Any CPU
		{CCF8AD97-48DB-4746-840C-30F04D191EEA}.Debug|Any CPU.ActiveCfg = Debug|Any CPU
		{CCF8AD97-48DB-4746-840C-30F04D191EEA}.Debug|Any CPU.Build.0 = Debug|Any CPU
		{CCF8AD97-48DB-4746-840C-30F04D191EEA}.Release|Any CPU.ActiveCfg = Release|Any CPU
		{CCF8AD97-48DB-4746-840C-30F04D191EEA}.Release|Any CPU.Build.0 = Release|Any CPU
		{B6C774AC-E104-4821-B80E-98A1FBE528B8}.Debug|Any CPU.ActiveCfg = Debug|Any CPU
		{B6C774AC-E104-4821-B80E-98A1FBE528B8}.Debug|Any CPU.Build.0 = Debug|Any CPU
		{B6C774AC-E104-4821-B80E-98A1FBE528B8}.Release|Any CPU.ActiveCfg = Release|Any CPU
		{B6C774AC-E104-4821-B80E-98A1FBE528B8}.Release|Any CPU.Build.0 = Release|Any CPU
		{ED07F529-791B-426C-B8A5-39CF3D2C78EC}.Debug|Any CPU.ActiveCfg = Debug|Any CPU
		{ED07F529-791B-426C-B8A5-39CF3D2C78EC}.Debug|Any CPU.Build.0 = Debug|Any CPU
		{ED07F529-791B-426C-B8A5-39CF3D2C78EC}.Release|Any CPU.ActiveCfg = Release|Any CPU
		{ED07F529-791B-426C-B8A5-39CF3D2C78EC}.Release|Any CPU.Build.0 = Release|Any CPU
	EndGlobalSection
	GlobalSection(SolutionProperties) = preSolution
		HideSolutionNode = FALSE
	EndGlobalSection
EndGlobal
