
Microsoft Visual Studio Solution File, Format Version 12.00
# Visual Studio 2013
VisualStudioVersion = 12.0.31101.0
MinimumVisualStudioVersion = 10.0.40219.1
Project("{FAE04EC0-301F-11D3-BF4B-00C04F79EFBC}") = "Problem 1", "Problem 1\Problem 1.csproj", "{95027145-39D7-4717-BADD-9B409B4455F6}"
EndProject
Project("{FAE04EC0-301F-11D3-BF4B-00C04F79EFBC}") = "WebApplication1", "WebApplication1\WebApplication1.csproj", "{0C3EE560-545E-4078-8340-46DB95284914}"
EndProject
Global
	GlobalSection(SolutionConfigurationPlatforms) = preSolution
		Debug|Any CPU = Debug|Any CPU
		Release|Any CPU = Release|Any CPU
	EndGlobalSection
	GlobalSection(ProjectConfigurationPlatforms) = postSolution
		{95027145-39D7-4717-BADD-9B409B4455F6}.Debug|Any CPU.ActiveCfg = Debug|Any CPU
		{95027145-39D7-4717-BADD-9B409B4455F6}.Debug|Any CPU.Build.0 = Debug|Any CPU
		{95027145-39D7-4717-BADD-9B409B4455F6}.Release|Any CPU.ActiveCfg = Release|Any CPU
		{95027145-39D7-4717-BADD-9B409B4455F6}.Release|Any CPU.Build.0 = Release|Any CPU
		{0C3EE560-545E-4078-8340-46DB95284914}.Debug|Any CPU.ActiveCfg = Debug|Any CPU
		{0C3EE560-545E-4078-8340-46DB95284914}.Debug|Any CPU.Build.0 = Debug|Any CPU
		{0C3EE560-545E-4078-8340-46DB95284914}.Release|Any CPU.ActiveCfg = Release|Any CPU
		{0C3EE560-545E-4078-8340-46DB95284914}.Release|Any CPU.Build.0 = Release|Any CPU
	EndGlobalSection
	GlobalSection(SolutionProperties) = preSolution
		HideSolutionNode = FALSE
	EndGlobalSection
EndGlobal
