
Microsoft Visual Studio Solution File, Format Version 12.00
# Visual Studio 2013
VisualStudioVersion = 12.0.31101.0
MinimumVisualStudioVersion = 10.0.40219.1
Project("{FAE04EC0-301F-11D3-BF4B-00C04F79EFBC}") = "01. HTML Tables", "01. HTML Tables\01. HTML Tables.csproj", "{43D8004B-AD5E-46C8-85BA-ED7DE0CD0000}"
EndProject
Project("{FAE04EC0-301F-11D3-BF4B-00C04F79EFBC}") = "02. HTML Forms", "02. HTML Forms\02. HTML Forms.csproj", "{ADE57788-132E-4826-9CCC-CEFECDC97919}"
EndProject
Project("{FAE04EC0-301F-11D3-BF4B-00C04F79EFBC}") = "03. Calculator", "03. Calculator\03. Calculator.csproj", "{3C3DDD00-FBD8-4152-B139-A822061FD3D0}"
EndProject
Global
	GlobalSection(SolutionConfigurationPlatforms) = preSolution
		Debug|Any CPU = Debug|Any CPU
		Release|Any CPU = Release|Any CPU
	EndGlobalSection
	GlobalSection(ProjectConfigurationPlatforms) = postSolution
		{43D8004B-AD5E-46C8-85BA-ED7DE0CD0000}.Debug|Any CPU.ActiveCfg = Debug|Any CPU
		{43D8004B-AD5E-46C8-85BA-ED7DE0CD0000}.Debug|Any CPU.Build.0 = Debug|Any CPU
		{43D8004B-AD5E-46C8-85BA-ED7DE0CD0000}.Release|Any CPU.ActiveCfg = Release|Any CPU
		{43D8004B-AD5E-46C8-85BA-ED7DE0CD0000}.Release|Any CPU.Build.0 = Release|Any CPU
		{ADE57788-132E-4826-9CCC-CEFECDC97919}.Debug|Any CPU.ActiveCfg = Debug|Any CPU
		{ADE57788-132E-4826-9CCC-CEFECDC97919}.Debug|Any CPU.Build.0 = Debug|Any CPU
		{ADE57788-132E-4826-9CCC-CEFECDC97919}.Release|Any CPU.ActiveCfg = Release|Any CPU
		{ADE57788-132E-4826-9CCC-CEFECDC97919}.Release|Any CPU.Build.0 = Release|Any CPU
		{3C3DDD00-FBD8-4152-B139-A822061FD3D0}.Debug|Any CPU.ActiveCfg = Debug|Any CPU
		{3C3DDD00-FBD8-4152-B139-A822061FD3D0}.Debug|Any CPU.Build.0 = Debug|Any CPU
		{3C3DDD00-FBD8-4152-B139-A822061FD3D0}.Release|Any CPU.ActiveCfg = Release|Any CPU
		{3C3DDD00-FBD8-4152-B139-A822061FD3D0}.Release|Any CPU.Build.0 = Release|Any CPU
	EndGlobalSection
	GlobalSection(SolutionProperties) = preSolution
		HideSolutionNode = FALSE
	EndGlobalSection
EndGlobal
