
Microsoft Visual Studio Solution File, Format Version 12.00
# Visual Studio 2013
VisualStudioVersion = 12.0.31101.0
MinimumVisualStudioVersion = 10.0.40219.1
Project("{FAE04EC0-301F-11D3-BF4B-00C04F79EFBC}") = "01. Registration form", "01. Registration form\01. Registration form.csproj", "{9E118416-0783-4061-8FC9-4458BB0D7273}"
EndProject
Project("{FAE04EC0-301F-11D3-BF4B-00C04F79EFBC}") = "02. University grid", "02. University grid\02. University grid.csproj", "{D3BD7526-EC43-44ED-86B8-FAD423D6D1D9}"
EndProject
Project("{FAE04EC0-301F-11D3-BF4B-00C04F79EFBC}") = "03. Notebook store", "03. Notebook store\03. Notebook store.csproj", "{3F633552-F4A5-444F-853C-69101D0A83A0}"
EndProject
Global
	GlobalSection(SolutionConfigurationPlatforms) = preSolution
		Debug|Any CPU = Debug|Any CPU
		Release|Any CPU = Release|Any CPU
	EndGlobalSection
	GlobalSection(ProjectConfigurationPlatforms) = postSolution
		{9E118416-0783-4061-8FC9-4458BB0D7273}.Debug|Any CPU.ActiveCfg = Debug|Any CPU
		{9E118416-0783-4061-8FC9-4458BB0D7273}.Debug|Any CPU.Build.0 = Debug|Any CPU
		{9E118416-0783-4061-8FC9-4458BB0D7273}.Release|Any CPU.ActiveCfg = Release|Any CPU
		{9E118416-0783-4061-8FC9-4458BB0D7273}.Release|Any CPU.Build.0 = Release|Any CPU
		{D3BD7526-EC43-44ED-86B8-FAD423D6D1D9}.Debug|Any CPU.ActiveCfg = Debug|Any CPU
		{D3BD7526-EC43-44ED-86B8-FAD423D6D1D9}.Debug|Any CPU.Build.0 = Debug|Any CPU
		{D3BD7526-EC43-44ED-86B8-FAD423D6D1D9}.Release|Any CPU.ActiveCfg = Release|Any CPU
		{D3BD7526-EC43-44ED-86B8-FAD423D6D1D9}.Release|Any CPU.Build.0 = Release|Any CPU
		{3F633552-F4A5-444F-853C-69101D0A83A0}.Debug|Any CPU.ActiveCfg = Debug|Any CPU
		{3F633552-F4A5-444F-853C-69101D0A83A0}.Debug|Any CPU.Build.0 = Debug|Any CPU
		{3F633552-F4A5-444F-853C-69101D0A83A0}.Release|Any CPU.ActiveCfg = Release|Any CPU
		{3F633552-F4A5-444F-853C-69101D0A83A0}.Release|Any CPU.Build.0 = Release|Any CPU
	EndGlobalSection
	GlobalSection(SolutionProperties) = preSolution
		HideSolutionNode = FALSE
	EndGlobalSection
EndGlobal
