
Microsoft Visual Studio Solution File, Format Version 12.00
# Visual Studio 2013
VisualStudioVersion = 12.0.31101.0
MinimumVisualStudioVersion = 10.0.40219.1
Project("{FAE04EC0-301F-11D3-BF4B-00C04F79EFBC}") = "01. Refactoring", "01. Refactoring\01. Refactoring.csproj", "{3DC38DB1-52F1-4F3F-B5F2-0DA1254E96A6}"
EndProject
Project("{FAE04EC0-301F-11D3-BF4B-00C04F79EFBC}") = "02. Student System", "02. Student System\02. Student System.csproj", "{9F8C314C-68AB-44E1-BC54-8F2FDA9FD388}"
EndProject
Project("{FAE04EC0-301F-11D3-BF4B-00C04F79EFBC}") = "03. LinkedIn", "03. LinkedIn\03. LinkedIn.csproj", "{2B8C17D9-F1E7-4871-886A-C853AE6804B8}"
EndProject
Global
	GlobalSection(SolutionConfigurationPlatforms) = preSolution
		Debug|Any CPU = Debug|Any CPU
		Release|Any CPU = Release|Any CPU
	EndGlobalSection
	GlobalSection(ProjectConfigurationPlatforms) = postSolution
		{3DC38DB1-52F1-4F3F-B5F2-0DA1254E96A6}.Debug|Any CPU.ActiveCfg = Debug|Any CPU
		{3DC38DB1-52F1-4F3F-B5F2-0DA1254E96A6}.Debug|Any CPU.Build.0 = Debug|Any CPU
		{3DC38DB1-52F1-4F3F-B5F2-0DA1254E96A6}.Release|Any CPU.ActiveCfg = Release|Any CPU
		{3DC38DB1-52F1-4F3F-B5F2-0DA1254E96A6}.Release|Any CPU.Build.0 = Release|Any CPU
		{9F8C314C-68AB-44E1-BC54-8F2FDA9FD388}.Debug|Any CPU.ActiveCfg = Debug|Any CPU
		{9F8C314C-68AB-44E1-BC54-8F2FDA9FD388}.Debug|Any CPU.Build.0 = Debug|Any CPU
		{9F8C314C-68AB-44E1-BC54-8F2FDA9FD388}.Release|Any CPU.ActiveCfg = Release|Any CPU
		{9F8C314C-68AB-44E1-BC54-8F2FDA9FD388}.Release|Any CPU.Build.0 = Release|Any CPU
		{2B8C17D9-F1E7-4871-886A-C853AE6804B8}.Debug|Any CPU.ActiveCfg = Debug|Any CPU
		{2B8C17D9-F1E7-4871-886A-C853AE6804B8}.Debug|Any CPU.Build.0 = Debug|Any CPU
		{2B8C17D9-F1E7-4871-886A-C853AE6804B8}.Release|Any CPU.ActiveCfg = Release|Any CPU
		{2B8C17D9-F1E7-4871-886A-C853AE6804B8}.Release|Any CPU.Build.0 = Release|Any CPU
	EndGlobalSection
	GlobalSection(SolutionProperties) = preSolution
		HideSolutionNode = FALSE
	EndGlobalSection
EndGlobal
