
Microsoft Visual Studio Solution File, Format Version 12.00
# Visual Studio 2013
VisualStudioVersion = 12.0.31101.0
MinimumVisualStudioVersion = 10.0.40219.1
Project("{FAE04EC0-301F-11D3-BF4B-00C04F79EFBC}") = "01. JavaScript literals", "01. JavaScript literals\01. JavaScript literals.csproj", "{7C29AC00-09E9-40F1-8174-FD7B34D21FBA}"
EndProject
Project("{FAE04EC0-301F-11D3-BF4B-00C04F79EFBC}") = "02. Quoted text", "02. Quoted text\02. Quoted text.csproj", "{06E5ECC3-5334-468C-8546-138B25502995}"
EndProject
Global
	GlobalSection(SolutionConfigurationPlatforms) = preSolution
		Debug|Any CPU = Debug|Any CPU
		Release|Any CPU = Release|Any CPU
	EndGlobalSection
	GlobalSection(ProjectConfigurationPlatforms) = postSolution
		{7C29AC00-09E9-40F1-8174-FD7B34D21FBA}.Debug|Any CPU.ActiveCfg = Debug|Any CPU
		{7C29AC00-09E9-40F1-8174-FD7B34D21FBA}.Debug|Any CPU.Build.0 = Debug|Any CPU
		{7C29AC00-09E9-40F1-8174-FD7B34D21FBA}.Release|Any CPU.ActiveCfg = Release|Any CPU
		{7C29AC00-09E9-40F1-8174-FD7B34D21FBA}.Release|Any CPU.Build.0 = Release|Any CPU
		{06E5ECC3-5334-468C-8546-138B25502995}.Debug|Any CPU.ActiveCfg = Debug|Any CPU
		{06E5ECC3-5334-468C-8546-138B25502995}.Debug|Any CPU.Build.0 = Debug|Any CPU
		{06E5ECC3-5334-468C-8546-138B25502995}.Release|Any CPU.ActiveCfg = Release|Any CPU
		{06E5ECC3-5334-468C-8546-138B25502995}.Release|Any CPU.Build.0 = Release|Any CPU
	EndGlobalSection
	GlobalSection(SolutionProperties) = preSolution
		HideSolutionNode = FALSE
	EndGlobalSection
EndGlobal
